<?xml version="1.0" encoding="UTF-8"?>
<!DOCTYPE plist PUBLIC "-//Apple//DTD PLIST 1.0//EN" "http://www.apple.com/DTDs/PropertyList-1.0.dtd">
<plist version="1.0">
<dict>
	<key>archiveVersion</key>
	<string>1</string>
	<key>classes</key>
	<dict/>
	<key>objectVersion</key>
	<string>46</string>
	<key>objects</key>
	<dict>
		<key>08A783E617C1267600B6F81D</key>
		<dict>
			<key>children</key>
			<array>
				<string>08A783F817C1267600B6F81D</string>
				<string>08A783F117C1267600B6F81D</string>
				<string>08A783F017C1267600B6F81D</string>
				<string>70B1D830EE4A25D6074883F0</string>
			</array>
			<key>isa</key>
			<string>PBXGroup</string>
			<key>sourceTree</key>
			<string>&lt;group&gt;</string>
		</dict>
		<key>08A783E717C1267600B6F81D</key>
		<dict>
			<key>attributes</key>
			<dict>
				<key>CLASSPREFIX</key>
				<string>IC</string>
				<key>LastUpgradeCheck</key>
				<string>0460</string>
				<key>ORGANIZATIONNAME</key>
				<string>Ichito Nagata</string>
			</dict>
			<key>buildConfigurationList</key>
			<string>08A783EA17C1267600B6F81D</string>
			<key>compatibilityVersion</key>
			<string>Xcode 3.2</string>
			<key>developmentRegion</key>
			<string>English</string>
			<key>hasScannedForEncodings</key>
			<string>0</string>
			<key>isa</key>
			<string>PBXProject</string>
			<key>knownRegions</key>
			<array>
				<string>en</string>
			</array>
			<key>mainGroup</key>
			<string>08A783E617C1267600B6F81D</string>
			<key>productRefGroup</key>
			<string>08A783F017C1267600B6F81D</string>
			<key>projectDirPath</key>
			<string></string>
			<key>projectReferences</key>
			<array/>
			<key>projectRoot</key>
			<string></string>
			<key>targets</key>
			<array>
				<string>08A783EE17C1267600B6F81D</string>
			</array>
		</dict>
		<key>08A783EA17C1267600B6F81D</key>
		<dict>
			<key>buildConfigurations</key>
			<array>
				<string>08A7841017C1267600B6F81D</string>
				<string>08A7841117C1267600B6F81D</string>
			</array>
			<key>defaultConfigurationIsVisible</key>
			<string>0</string>
			<key>defaultConfigurationName</key>
			<string>Release</string>
			<key>isa</key>
			<string>XCConfigurationList</string>
		</dict>
		<key>08A783EB17C1267600B6F81D</key>
		<dict>
			<key>buildActionMask</key>
			<string>2147483647</string>
			<key>files</key>
			<array>
				<string>08A783FF17C1267600B6F81D</string>
				<string>08A7840317C1267600B6F81D</string>
				<string>08A7840C17C1267600B6F81D</string>
			</array>
			<key>isa</key>
			<string>PBXSourcesBuildPhase</string>
			<key>runOnlyForDeploymentPostprocessing</key>
			<string>0</string>
		</dict>
		<key>08A783EC17C1267600B6F81D</key>
		<dict>
			<key>buildActionMask</key>
			<string>2147483647</string>
			<key>files</key>
			<array>
				<string>08A783F317C1267600B6F81D</string>
				<string>08A783F517C1267600B6F81D</string>
				<string>08A783F717C1267600B6F81D</string>
				<string>F74B7CEBFCE50EBDB6101A5D</string>
			</array>
			<key>isa</key>
			<string>PBXFrameworksBuildPhase</string>
			<key>runOnlyForDeploymentPostprocessing</key>
			<string>0</string>
		</dict>
		<key>08A783ED17C1267600B6F81D</key>
		<dict>
			<key>buildActionMask</key>
			<string>2147483647</string>
			<key>files</key>
			<array>
				<string>08A783FD17C1267600B6F81D</string>
				<string>08A7840517C1267600B6F81D</string>
				<string>08A7840717C1267600B6F81D</string>
				<string>08A7840917C1267600B6F81D</string>
				<string>08A7840F17C1267600B6F81D</string>
			</array>
			<key>isa</key>
			<string>PBXResourcesBuildPhase</string>
			<key>runOnlyForDeploymentPostprocessing</key>
			<string>0</string>
		</dict>
		<key>08A783EE17C1267600B6F81D</key>
		<dict>
			<key>buildConfigurationList</key>
			<string>08A7841217C1267600B6F81D</string>
			<key>buildPhases</key>
			<array>
				<string>1DD15024E3274049B8E6CD61</string>
				<string>08A783EB17C1267600B6F81D</string>
				<string>08A783EC17C1267600B6F81D</string>
				<string>08A783ED17C1267600B6F81D</string>
				<string>73780E85E07147FABE5A783D</string>
			</array>
			<key>buildRules</key>
			<array/>
			<key>dependencies</key>
			<array/>
			<key>isa</key>
			<string>PBXNativeTarget</string>
			<key>name</key>
			<string>ICTutorialOverlayDemo</string>
			<key>productName</key>
			<string>ICTutorialOverlayDemo</string>
			<key>productReference</key>
			<string>08A783EF17C1267600B6F81D</string>
			<key>productType</key>
			<string>com.apple.product-type.application</string>
		</dict>
		<key>08A783EF17C1267600B6F81D</key>
		<dict>
			<key>explicitFileType</key>
			<string>wrapper.application</string>
			<key>includeInIndex</key>
			<string>0</string>
			<key>isa</key>
			<string>PBXFileReference</string>
			<key>path</key>
			<string>ICTutorialOverlayDemo.app</string>
			<key>sourceTree</key>
			<string>BUILT_PRODUCTS_DIR</string>
		</dict>
		<key>08A783F017C1267600B6F81D</key>
		<dict>
			<key>children</key>
			<array>
				<string>08A783EF17C1267600B6F81D</string>
			</array>
			<key>isa</key>
			<string>PBXGroup</string>
			<key>name</key>
			<string>Products</string>
			<key>sourceTree</key>
			<string>&lt;group&gt;</string>
		</dict>
		<key>08A783F117C1267600B6F81D</key>
		<dict>
			<key>children</key>
			<array>
				<string>08A783F217C1267600B6F81D</string>
				<string>08A783F417C1267600B6F81D</string>
				<string>08A783F617C1267600B6F81D</string>
				<string>DFF768628C4A1C89A720B8F2</string>
			</array>
			<key>isa</key>
			<string>PBXGroup</string>
			<key>name</key>
			<string>Frameworks</string>
			<key>sourceTree</key>
			<string>&lt;group&gt;</string>
		</dict>
		<key>08A783F217C1267600B6F81D</key>
		<dict>
			<key>isa</key>
			<string>PBXFileReference</string>
			<key>lastKnownFileType</key>
			<string>wrapper.framework</string>
			<key>name</key>
			<string>UIKit.framework</string>
			<key>path</key>
			<string>System/Library/Frameworks/UIKit.framework</string>
			<key>sourceTree</key>
			<string>SDKROOT</string>
		</dict>
		<key>08A783F317C1267600B6F81D</key>
		<dict>
			<key>fileRef</key>
			<string>08A783F217C1267600B6F81D</string>
			<key>isa</key>
			<string>PBXBuildFile</string>
		</dict>
		<key>08A783F417C1267600B6F81D</key>
		<dict>
			<key>isa</key>
			<string>PBXFileReference</string>
			<key>lastKnownFileType</key>
			<string>wrapper.framework</string>
			<key>name</key>
			<string>Foundation.framework</string>
			<key>path</key>
			<string>System/Library/Frameworks/Foundation.framework</string>
			<key>sourceTree</key>
			<string>SDKROOT</string>
		</dict>
		<key>08A783F517C1267600B6F81D</key>
		<dict>
			<key>fileRef</key>
			<string>08A783F417C1267600B6F81D</string>
			<key>isa</key>
			<string>PBXBuildFile</string>
		</dict>
		<key>08A783F617C1267600B6F81D</key>
		<dict>
			<key>isa</key>
			<string>PBXFileReference</string>
			<key>lastKnownFileType</key>
			<string>wrapper.framework</string>
			<key>name</key>
			<string>CoreGraphics.framework</string>
			<key>path</key>
			<string>System/Library/Frameworks/CoreGraphics.framework</string>
			<key>sourceTree</key>
			<string>SDKROOT</string>
		</dict>
		<key>08A783F717C1267600B6F81D</key>
		<dict>
			<key>fileRef</key>
			<string>08A783F617C1267600B6F81D</string>
			<key>isa</key>
			<string>PBXBuildFile</string>
		</dict>
		<key>08A783F817C1267600B6F81D</key>
		<dict>
			<key>children</key>
			<array>
				<string>08A7840117C1267600B6F81D</string>
				<string>08A7840217C1267600B6F81D</string>
				<string>08A7840A17C1267600B6F81D</string>
				<string>08A7840B17C1267600B6F81D</string>
				<string>08A7840D17C1267600B6F81D</string>
				<string>08A783F917C1267600B6F81D</string>
			</array>
			<key>isa</key>
			<string>PBXGroup</string>
			<key>path</key>
			<string>ICTutorialOverlayDemo</string>
			<key>sourceTree</key>
			<string>&lt;group&gt;</string>
		</dict>
		<key>08A783F917C1267600B6F81D</key>
		<dict>
			<key>children</key>
			<array>
				<string>08A783FA17C1267600B6F81D</string>
				<string>08A783FB17C1267600B6F81D</string>
				<string>08A783FE17C1267600B6F81D</string>
				<string>08A7840017C1267600B6F81D</string>
				<string>08A7840417C1267600B6F81D</string>
				<string>08A7840617C1267600B6F81D</string>
				<string>08A7840817C1267600B6F81D</string>
			</array>
			<key>isa</key>
			<string>PBXGroup</string>
			<key>name</key>
			<string>Supporting Files</string>
			<key>sourceTree</key>
			<string>&lt;group&gt;</string>
		</dict>
		<key>08A783FA17C1267600B6F81D</key>
		<dict>
			<key>isa</key>
			<string>PBXFileReference</string>
			<key>lastKnownFileType</key>
			<string>text.plist.xml</string>
			<key>path</key>
			<string>ICTutorialOverlayDemo-Info.plist</string>
			<key>sourceTree</key>
			<string>&lt;group&gt;</string>
		</dict>
		<key>08A783FB17C1267600B6F81D</key>
		<dict>
			<key>children</key>
			<array>
				<string>08A783FC17C1267600B6F81D</string>
			</array>
			<key>isa</key>
			<string>PBXVariantGroup</string>
			<key>name</key>
			<string>InfoPlist.strings</string>
			<key>sourceTree</key>
			<string>&lt;group&gt;</string>
		</dict>
		<key>08A783FC17C1267600B6F81D</key>
		<dict>
			<key>isa</key>
			<string>PBXFileReference</string>
			<key>lastKnownFileType</key>
			<string>text.plist.strings</string>
			<key>name</key>
			<string>en</string>
			<key>path</key>
			<string>en.lproj/InfoPlist.strings</string>
			<key>sourceTree</key>
			<string>&lt;group&gt;</string>
		</dict>
		<key>08A783FD17C1267600B6F81D</key>
		<dict>
			<key>fileRef</key>
			<string>08A783FB17C1267600B6F81D</string>
			<key>isa</key>
			<string>PBXBuildFile</string>
		</dict>
		<key>08A783FE17C1267600B6F81D</key>
		<dict>
			<key>isa</key>
			<string>PBXFileReference</string>
			<key>lastKnownFileType</key>
			<string>sourcecode.c.objc</string>
			<key>path</key>
			<string>main.m</string>
			<key>sourceTree</key>
			<string>&lt;group&gt;</string>
		</dict>
		<key>08A783FF17C1267600B6F81D</key>
		<dict>
			<key>fileRef</key>
			<string>08A783FE17C1267600B6F81D</string>
			<key>isa</key>
			<string>PBXBuildFile</string>
		</dict>
		<key>08A7840017C1267600B6F81D</key>
		<dict>
			<key>isa</key>
			<string>PBXFileReference</string>
			<key>lastKnownFileType</key>
			<string>sourcecode.c.h</string>
			<key>path</key>
			<string>ICTutorialOverlayDemo-Prefix.pch</string>
			<key>sourceTree</key>
			<string>&lt;group&gt;</string>
		</dict>
		<key>08A7840117C1267600B6F81D</key>
		<dict>
			<key>isa</key>
			<string>PBXFileReference</string>
			<key>lastKnownFileType</key>
			<string>sourcecode.c.h</string>
			<key>path</key>
			<string>ICAppDelegate.h</string>
			<key>sourceTree</key>
			<string>&lt;group&gt;</string>
		</dict>
		<key>08A7840217C1267600B6F81D</key>
		<dict>
			<key>isa</key>
			<string>PBXFileReference</string>
			<key>lastKnownFileType</key>
			<string>sourcecode.c.objc</string>
			<key>path</key>
			<string>ICAppDelegate.m</string>
			<key>sourceTree</key>
			<string>&lt;group&gt;</string>
		</dict>
		<key>08A7840317C1267600B6F81D</key>
		<dict>
			<key>fileRef</key>
			<string>08A7840217C1267600B6F81D</string>
			<key>isa</key>
			<string>PBXBuildFile</string>
		</dict>
		<key>08A7840417C1267600B6F81D</key>
		<dict>
			<key>isa</key>
			<string>PBXFileReference</string>
			<key>lastKnownFileType</key>
			<string>image.png</string>
			<key>path</key>
			<string>Default.png</string>
			<key>sourceTree</key>
			<string>&lt;group&gt;</string>
		</dict>
		<key>08A7840517C1267600B6F81D</key>
		<dict>
			<key>fileRef</key>
			<string>08A7840417C1267600B6F81D</string>
			<key>isa</key>
			<string>PBXBuildFile</string>
		</dict>
		<key>08A7840617C1267600B6F81D</key>
		<dict>
			<key>isa</key>
			<string>PBXFileReference</string>
			<key>lastKnownFileType</key>
			<string>image.png</string>
			<key>path</key>
			<string>Default@2x.png</string>
			<key>sourceTree</key>
			<string>&lt;group&gt;</string>
		</dict>
		<key>08A7840717C1267600B6F81D</key>
		<dict>
			<key>fileRef</key>
			<string>08A7840617C1267600B6F81D</string>
			<key>isa</key>
			<string>PBXBuildFile</string>
		</dict>
		<key>08A7840817C1267600B6F81D</key>
		<dict>
			<key>isa</key>
			<string>PBXFileReference</string>
			<key>lastKnownFileType</key>
			<string>image.png</string>
			<key>path</key>
			<string>Default-568h@2x.png</string>
			<key>sourceTree</key>
			<string>&lt;group&gt;</string>
		</dict>
		<key>08A7840917C1267600B6F81D</key>
		<dict>
			<key>fileRef</key>
			<string>08A7840817C1267600B6F81D</string>
			<key>isa</key>
			<string>PBXBuildFile</string>
		</dict>
		<key>08A7840A17C1267600B6F81D</key>
		<dict>
			<key>isa</key>
			<string>PBXFileReference</string>
			<key>lastKnownFileType</key>
			<string>sourcecode.c.h</string>
			<key>path</key>
			<string>ICViewController.h</string>
			<key>sourceTree</key>
			<string>&lt;group&gt;</string>
		</dict>
		<key>08A7840B17C1267600B6F81D</key>
		<dict>
			<key>isa</key>
			<string>PBXFileReference</string>
			<key>lastKnownFileType</key>
			<string>sourcecode.c.objc</string>
			<key>path</key>
			<string>ICViewController.m</string>
			<key>sourceTree</key>
			<string>&lt;group&gt;</string>
		</dict>
		<key>08A7840C17C1267600B6F81D</key>
		<dict>
			<key>fileRef</key>
			<string>08A7840B17C1267600B6F81D</string>
			<key>isa</key>
			<string>PBXBuildFile</string>
		</dict>
		<key>08A7840D17C1267600B6F81D</key>
		<dict>
			<key>children</key>
			<array>
				<string>08A7840E17C1267600B6F81D</string>
			</array>
			<key>isa</key>
			<string>PBXVariantGroup</string>
			<key>name</key>
			<string>ICViewController.xib</string>
			<key>sourceTree</key>
			<string>&lt;group&gt;</string>
		</dict>
		<key>08A7840E17C1267600B6F81D</key>
		<dict>
			<key>isa</key>
			<string>PBXFileReference</string>
			<key>lastKnownFileType</key>
			<string>file.xib</string>
			<key>name</key>
			<string>en</string>
			<key>path</key>
			<string>en.lproj/ICViewController.xib</string>
			<key>sourceTree</key>
			<string>&lt;group&gt;</string>
		</dict>
		<key>08A7840F17C1267600B6F81D</key>
		<dict>
			<key>fileRef</key>
			<string>08A7840D17C1267600B6F81D</string>
			<key>isa</key>
			<string>PBXBuildFile</string>
		</dict>
		<key>08A7841017C1267600B6F81D</key>
		<dict>
			<key>buildSettings</key>
			<dict>
				<key>ALWAYS_SEARCH_USER_PATHS</key>
				<string>NO</string>
				<key>CLANG_CXX_LANGUAGE_STANDARD</key>
				<string>gnu++0x</string>
				<key>CLANG_CXX_LIBRARY</key>
				<string>libc++</string>
				<key>CLANG_ENABLE_OBJC_ARC</key>
				<string>YES</string>
				<key>CLANG_WARN_CONSTANT_CONVERSION</key>
				<string>YES</string>
				<key>CLANG_WARN_EMPTY_BODY</key>
				<string>YES</string>
				<key>CLANG_WARN_ENUM_CONVERSION</key>
				<string>YES</string>
				<key>CLANG_WARN_INT_CONVERSION</key>
				<string>YES</string>
				<key>CLANG_WARN__DUPLICATE_METHOD_MATCH</key>
				<string>YES</string>
				<key>CODE_SIGN_IDENTITY[sdk=iphoneos*]</key>
				<string>iPhone Developer</string>
				<key>COPY_PHASE_STRIP</key>
				<string>NO</string>
				<key>GCC_C_LANGUAGE_STANDARD</key>
				<string>gnu99</string>
				<key>GCC_DYNAMIC_NO_PIC</key>
				<string>NO</string>
				<key>GCC_OPTIMIZATION_LEVEL</key>
				<string>0</string>
				<key>GCC_PREPROCESSOR_DEFINITIONS</key>
				<array>
					<string>DEBUG=1</string>
					<string>$(inherited)</string>
				</array>
				<key>GCC_SYMBOLS_PRIVATE_EXTERN</key>
				<string>NO</string>
				<key>GCC_WARN_ABOUT_RETURN_TYPE</key>
				<string>YES</string>
				<key>GCC_WARN_UNINITIALIZED_AUTOS</key>
				<string>YES</string>
				<key>GCC_WARN_UNUSED_VARIABLE</key>
				<string>YES</string>
				<key>IPHONEOS_DEPLOYMENT_TARGET</key>
				<string>6.1</string>
				<key>ONLY_ACTIVE_ARCH</key>
				<string>YES</string>
				<key>SDKROOT</key>
				<string>iphoneos</string>
			</dict>
			<key>isa</key>
			<string>XCBuildConfiguration</string>
			<key>name</key>
			<string>Debug</string>
		</dict>
		<key>08A7841117C1267600B6F81D</key>
		<dict>
			<key>buildSettings</key>
			<dict>
				<key>ALWAYS_SEARCH_USER_PATHS</key>
				<string>NO</string>
				<key>CLANG_CXX_LANGUAGE_STANDARD</key>
				<string>gnu++0x</string>
				<key>CLANG_CXX_LIBRARY</key>
				<string>libc++</string>
				<key>CLANG_ENABLE_OBJC_ARC</key>
				<string>YES</string>
				<key>CLANG_WARN_CONSTANT_CONVERSION</key>
				<string>YES</string>
				<key>CLANG_WARN_EMPTY_BODY</key>
				<string>YES</string>
				<key>CLANG_WARN_ENUM_CONVERSION</key>
				<string>YES</string>
				<key>CLANG_WARN_INT_CONVERSION</key>
				<string>YES</string>
				<key>CLANG_WARN__DUPLICATE_METHOD_MATCH</key>
				<string>YES</string>
				<key>CODE_SIGN_IDENTITY[sdk=iphoneos*]</key>
				<string>iPhone Developer</string>
				<key>COPY_PHASE_STRIP</key>
				<string>YES</string>
				<key>GCC_C_LANGUAGE_STANDARD</key>
				<string>gnu99</string>
				<key>GCC_WARN_ABOUT_RETURN_TYPE</key>
				<string>YES</string>
				<key>GCC_WARN_UNINITIALIZED_AUTOS</key>
				<string>YES</string>
				<key>GCC_WARN_UNUSED_VARIABLE</key>
				<string>YES</string>
				<key>IPHONEOS_DEPLOYMENT_TARGET</key>
				<string>6.1</string>
				<key>OTHER_CFLAGS</key>
				<string>-DNS_BLOCK_ASSERTIONS=1</string>
				<key>SDKROOT</key>
				<string>iphoneos</string>
				<key>VALIDATE_PRODUCT</key>
				<string>YES</string>
			</dict>
			<key>isa</key>
			<string>XCBuildConfiguration</string>
			<key>name</key>
			<string>Release</string>
		</dict>
		<key>08A7841217C1267600B6F81D</key>
		<dict>
			<key>buildConfigurations</key>
			<array>
				<string>08A7841317C1267600B6F81D</string>
				<string>08A7841417C1267600B6F81D</string>
			</array>
			<key>defaultConfigurationIsVisible</key>
			<string>0</string>
			<key>defaultConfigurationName</key>
			<string>Release</string>
			<key>isa</key>
			<string>XCConfigurationList</string>
		</dict>
		<key>08A7841317C1267600B6F81D</key>
		<dict>
			<key>baseConfigurationReference</key>
			<string>AF053C10E33E206EB71AAF59</string>
			<key>buildSettings</key>
			<dict>
				<key>GCC_PRECOMPILE_PREFIX_HEADER</key>
				<string>YES</string>
				<key>GCC_PREFIX_HEADER</key>
				<string>ICTutorialOverlayDemo/ICTutorialOverlayDemo-Prefix.pch</string>
				<key>INFOPLIST_FILE</key>
				<string>ICTutorialOverlayDemo/ICTutorialOverlayDemo-Info.plist</string>
				<key>PRODUCT_NAME</key>
				<string>$(TARGET_NAME)</string>
				<key>WRAPPER_EXTENSION</key>
				<string>app</string>
			</dict>
			<key>isa</key>
			<string>XCBuildConfiguration</string>
			<key>name</key>
			<string>Debug</string>
		</dict>
		<key>08A7841417C1267600B6F81D</key>
		<dict>
			<key>baseConfigurationReference</key>
			<string>36DAC8919815D73AD8737EB2</string>
			<key>buildSettings</key>
			<dict>
				<key>GCC_PRECOMPILE_PREFIX_HEADER</key>
				<string>YES</string>
				<key>GCC_PREFIX_HEADER</key>
				<string>ICTutorialOverlayDemo/ICTutorialOverlayDemo-Prefix.pch</string>
				<key>INFOPLIST_FILE</key>
				<string>ICTutorialOverlayDemo/ICTutorialOverlayDemo-Info.plist</string>
				<key>PRODUCT_NAME</key>
				<string>$(TARGET_NAME)</string>
				<key>WRAPPER_EXTENSION</key>
				<string>app</string>
			</dict>
			<key>isa</key>
			<string>XCBuildConfiguration</string>
			<key>name</key>
			<string>Release</string>
		</dict>
		<key>1DD15024E3274049B8E6CD61</key>
		<dict>
			<key>buildActionMask</key>
			<string>2147483647</string>
			<key>files</key>
			<array/>
			<key>inputPaths</key>
			<array/>
			<key>isa</key>
			<string>PBXShellScriptBuildPhase</string>
			<key>name</key>
			<string>Check Pods Manifest.lock</string>
			<key>outputPaths</key>
			<array/>
			<key>runOnlyForDeploymentPostprocessing</key>
			<string>0</string>
			<key>shellPath</key>
			<string>/bin/sh</string>
			<key>shellScript</key>
			<string>diff "${PODS_ROOT}/../Podfile.lock" "${PODS_ROOT}/Manifest.lock" &gt; /dev/null
if [[ $? != 0 ]] ; then
    cat &lt;&lt; EOM
error: The sandbox is not in sync with the Podfile.lock. Run 'pod install' or update your CocoaPods installation.
EOM
    exit 1
fi
</string>
		</dict>
		<key>36DAC8919815D73AD8737EB2</key>
		<dict>
			<key>includeInIndex</key>
			<string>1</string>
			<key>isa</key>
			<string>PBXFileReference</string>
			<key>lastKnownFileType</key>
			<string>text.xcconfig</string>
			<key>name</key>
			<string>Pods.release.xcconfig</string>
			<key>path</key>
			<string>Pods/Target Support Files/Pods/Pods.release.xcconfig</string>
			<key>sourceTree</key>
			<string>&lt;group&gt;</string>
		</dict>
		<key>70B1D830EE4A25D6074883F0</key>
		<dict>
			<key>children</key>
			<array>
				<string>AF053C10E33E206EB71AAF59</string>
				<string>36DAC8919815D73AD8737EB2</string>
			</array>
			<key>isa</key>
			<string>PBXGroup</string>
			<key>name</key>
			<string>Pods</string>
			<key>sourceTree</key>
			<string>&lt;group&gt;</string>
		</dict>
		<key>73780E85E07147FABE5A783D</key>
		<dict>
			<key>buildActionMask</key>
			<string>2147483647</string>
			<key>files</key>
			<array/>
			<key>inputPaths</key>
			<array/>
			<key>isa</key>
			<string>PBXShellScriptBuildPhase</string>
			<key>name</key>
			<string>Copy Pods Resources</string>
			<key>outputPaths</key>
			<array/>
			<key>runOnlyForDeploymentPostprocessing</key>
			<string>0</string>
			<key>shellPath</key>
			<string>/bin/sh</string>
			<key>shellScript</key>
			<string>"${SRCROOT}/Pods/Target Support Files/Pods/Pods-resources.sh"
</string>
			<key>showEnvVarsInLog</key>
			<string>0</string>
		</dict>
		<key>AF053C10E33E206EB71AAF59</key>
		<dict>
			<key>includeInIndex</key>
			<string>1</string>
			<key>isa</key>
			<string>PBXFileReference</string>
			<key>lastKnownFileType</key>
			<string>text.xcconfig</string>
			<key>name</key>
			<string>Pods.debug.xcconfig</string>
			<key>path</key>
			<string>Pods/Target Support Files/Pods/Pods.debug.xcconfig</string>
			<key>sourceTree</key>
			<string>&lt;group&gt;</string>
		</dict>
		<key>DFF768628C4A1C89A720B8F2</key>
		<dict>
			<key>explicitFileType</key>
			<string>archive.ar</string>
			<key>includeInIndex</key>
			<string>0</string>
			<key>isa</key>
			<string>PBXFileReference</string>
			<key>path</key>
			<string>libPods.a</string>
			<key>sourceTree</key>
			<string>BUILT_PRODUCTS_DIR</string>
		</dict>
		<key>F74B7CEBFCE50EBDB6101A5D</key>
		<dict>
			<key>fileRef</key>
			<string>DFF768628C4A1C89A720B8F2</string>
			<key>isa</key>
			<string>PBXBuildFile</string>
		</dict>
	</dict>
	<key>rootObject</key>
	<string>08A783E717C1267600B6F81D</string>
</dict>
</plist>
